lockfileVersion: '9.0'

settings:
  autoInstallPeers: true
  excludeLinksFromLockfile: false

importers:

  .: {}

  ncn:
    dependencies:
      '@solana/kit':
        specifier: ^7.0.0
        version: 7.1.1
      '@solana/program-client-core':
        specifier: ^7.0.0
        version: 7.1.1
    devDependencies:
      '@codama/nodes-from-anchor':
        specifier: ^1.5.2
        version: 1.5.5
      '@codama/renderers-js':
        specifier: ^2.3.1
        version: 2.3.1
      '@types/node':
        specifier: ^22.19.9
        version: 22.20.1
      codama:
        specifier: ^1.9.0
        version: 1.10.2

  svmgov:
    dependencies:
      '@solana/kit':
        specifier: ^7.0.0
        version: 7.1.1
      '@solana/program-client-core':
        specifier: ^7.0.0
        version: 7.1.1
    devDependencies:
      '@codama/nodes-from-anchor':
        specifier: ^1.5.2
        version: 1.5.5
      '@codama/renderers-js':
        specifier: ^2.3.1
        version: 2.3.1
      '@types/node':
        specifier: ^22.19.9
        version: 22.20.1
      codama:
        specifier: ^1.9.0
        version: 1.10.2

packages:

  '@codama/cli@1.6.2':
    resolution: {integrity: sha512-UFrWJxtELsPHOoG8soVuUqv/nSSUebLccaN3WQ43+5J7pFBetscEUsoy20lzV2gxYEfvYf6JqyuIUXGDmtnj9g==}
    hasBin: true

  '@codama/errors@1.10.2':
    resolution: {integrity: sha512-relp9Inq9QkhZ0JUklKujSFWLkVfQSsn2/ms303vsGVWlFBXQmoEsmZCVKgJ7k5APNBbsD8Hc9GGU4J+P05SLA==}
    hasBin: true

  '@codama/fragments@0.1.5':
    resolution: {integrity: sha512-aisr+cdayABykLhysE1pcDWMJJZNAAWyi5NEzkMLpyTmQrhIK6Mca14gSJIw3a0uo3E5s5Zc4d6gsxRjfYpLuw==}

  '@codama/node-types@1.10.2':
    resolution: {integrity: sha512-qFHqpuCmAoJy9ggkLadtug2Nlmnai6LrEmr+sfsK6dEJVOFGMNBR4dxwheziOu/Sn9oWGfnFfKbzQIdWE0qHHg==}

  '@codama/nodes-from-anchor@1.5.5':
    resolution: {integrity: sha512-+HQUKzQpSh8EHm+fwxXVTvhPI46yTm1HzLvRJK1mkTJ1w4bymknhyWsLn1NRVDcAIixPZLsvLKujJTn+8IcoZg==}

  '@codama/nodes@1.10.2':
    resolution: {integrity: sha512-wR2LKg6/GQ+ctgOiH9XPVb7ktq+gu7X/WEiCk45d4L1+P/JJh2kJeS/sMbktrgJNimcoO2G1Ms3+eUDjrwfo5g==}

  '@codama/renderers-core@1.4.0':
    resolution: {integrity: sha512-JkqKWaN5nKampHgJ3jWh7u6kNPrwp7DB/lpkyS1hpL6NiC45tZGie6foaq8TnSTpaVPtVsL8Q46AP1MZpongpg==}

  '@codama/renderers-js@2.3.1':
    resolution: {integrity: sha512-+7WtjpcqnlPkweG+tWWiER2XkJP7SF+RJgYpI0RHc91ZP60Umt0qc+0JPuqMyiPhVrLTN2U/lpsBDQw2MeEsvA==}
    engines: {node: '>=20.18.0'}

  '@codama/validators@1.10.2':
    resolution: {integrity: sha512-Ppf8qcbBMclncrTLZU/bxi2Y5Gf9cTg1SybHTIDankOholgRWzf8wdZ40Vc/BaphY223pHOUBXiEmwZ6eTRX7A==}

  '@codama/visitors-core@1.10.2':
    resolution: {integrity: sha512-hxoISIWUUiu9Ma97OxsXl3Db5qvYmqUm9JVCf6MCb/+uE5nd4U/jZuTIKQFLulitiGRWhQr8IJI16YgO79Nuyw==}

  '@codama/visitors@1.10.2':
    resolution: {integrity: sha512-DUkpq9TEuevg4mEOW9fyBJiYHGzj6ByNtgVAyLRWcUEz6Mz3Qn8+lRDpqqVyuzRbAdurf9bWsO8ln+zswPP4hg==}

  '@noble/hashes@2.3.0':
    resolution: {integrity: sha512-oN+QwyX7VSHotibwubG3kpzbwKrfnyR6OOO+3Nk/53ADL7FmgHHz4TgrbaYKvvOw09u6QTx0oiH1cNCIOuN0CQ==}
    engines: {node: '>= 20.19.0'}

  '@solana/accounts@7.1.1':
    resolution: {integrity: sha512-7sy9VIFMdmu/7+2kVBRMU6mEvYx/DDjfam8DsBXbh+JszaTNZH3V8FutQYHRxrca3jxiumVfsy5USwKfVg8ElQ==}
    engines: {node: '>=20.18.0'}
    peerDependencies:
      typescript: '>=5.4.0'
    peerDependenciesMeta:
      typescript:
        optional: true

  '@solana/addresses@7.1.1':
    resolution: {integrity: sha512-/Tk2aTOT7UEcaJrdEcB3+SK09v5cZ/92NWqHBzEobxusTPNoeOFxa3MwV74Q1MgPecWdLz7TPreEhAKpcvV/vw==}
    engines: {node: '>=20.18.0'}
    peerDependencies:
      typescript: '>=5.4.0'
    peerDependenciesMeta:
      typescript:
        optional: true

  '@solana/assertions@7.1.1':
    resolution: {integrity: sha512-tD07UKuw5i9Tw5xloVH+TUMrLzbHKixaB4DlGXumMEQU+JbYRPtFNqtMlrpVLuVM45nkbPfFp2Da0sXNRIqFHA==}
    engines: {node: '>=20.18.0'}
    peerDependencies:
      typescript: '>=5.4.0'
    peerDependenciesMeta:
      typescript:
        optional: true

  '@solana/codecs-core@7.1.1':
    resolution: {integrity: sha512-C1UOAQ7LH8RuCTfaij6hthTZeBlpp8GuD2g9Nag/xgiNKJGvAfVrcorb+kO/sufdYI8Lu+BiVvPeKOjQDQiKqg==}
    engines: {node: '>=20.18.0'}
    peerDependencies:
      typescript: '>=5.4.0'
    peerDependenciesMeta:
      typescript:
        optional: true

  '@solana/codecs-data-structures@7.1.1':
    resolution: {integrity: sha512-MO+wMAuaatAQ96N3HhTsd7Uno+79rJw88P+OiU2n+pHK/rZuyu1yB2j12veqK4jUNWPR0aOyCuZ4rB2idrDjpg==}
    engines: {node: '>=20.18.0'}
    peerDependencies:
      typescript: '>=5.4.0'
    peerDependenciesMeta:
      typescript:
        optional: true

  '@solana/codecs-numbers@7.1.1':
    resolution: {integrity: sha512-TWWrQq6Wp5Yf5bSc6RbxDDYCRUBBmRtRgjvUMHGp0P9K+4uFwxllRjSZFzBPHgXj3UTeZmFJdcoD271QhAgibg==}
    engines: {node: '>=20.18.0'}
    peerDependencies:
      typescript: '>=5.4.0'
    peerDependenciesMeta:
      typescript:
        optional: true

  '@solana/codecs-strings@7.1.1':
    resolution: {integrity: sha512-6qWl+atG60D2LmP47GyGapQFhVsG1sVhVrEaM3lV09vwrGOMeOZARZ4ObaQ5m6uQmM04G+f8dY9d17nCMbGHGg==}
    engines: {node: '>=20.18.0'}
    peerDependencies:
      fastestsmallesttextencoderdecoder: ^1.0.22
      typescript: '>=5.4.0'
    peerDependenciesMeta:
      fastestsmallesttextencoderdecoder:
        optional: true
      typescript:
        optional: true

  '@solana/codecs@7.1.1':
    resolution: {integrity: sha512-1ZErMXzbbz7+jusem58dMO1haVWNlvFYKftc2dPhFu9MqlmZRfPS06GiZDjlLnD/6PHHBy7OKFMASoYw+fBAKg==}
    engines: {node: '>=20.18.0'}
    peerDependencies:
      typescript: '>=5.4.0'
    peerDependenciesMeta:
      typescript:
        optional: true

  '@solana/errors@7.1.1':
    resolution: {integrity: sha512-q35qck8rBnNvJlPU00mnHEQm7gWvghzYz8khqVoLhjgodTzGp46VqnIOyI1LXOAF6XDal58bMNDO980MQgq8yw==}
    engines: {node: '>=20.18.0'}
    hasBin: true
    peerDependencies:
      typescript: '>=5.4.0'
    peerDependenciesMeta:
      typescript:
        optional: true

  '@solana/fast-stable-stringify@7.1.1':
    resolution: {integrity: sha512-eVxOeAXYVBIWOIRfGwvuGQ6gPetQiiiOqSCK0xjwQo/yjXNVlSbpF6wLtQRnd3lbYkWsKdeV99FYe9cVY/g7/Q==}
    engines: {node: '>=20.18.0'}
    peerDependencies:
      typescript: '>=5.4.0'
    peerDependenciesMeta:
      typescript:
        optional: true

  '@solana/fixed-points@7.1.1':
    resolution: {integrity: sha512-qPj/V7kcFG/P0kuEa1U529+5L6mbkMwRIwvYBTDgBqPOt6wOdk9/c7Qn2VUQgSV0HgCXWxdHUdwaxBrYqO2ibg==}
    engines: {node: '>=20.18.0'}
    peerDependencies:
      typescript: '>=5.4.0'
    peerDependenciesMeta:
      typescript:
        optional: true

  '@solana/functional@7.1.1':
    resolution: {integrity: sha512-AnFohvUHGrqAu3kTxxC0rZyU4JddA08hOUZ1/DT9XogCZWetBpNJktX9uNuXQe+sN4FKTX2MfL//iBFBAsxtDA==}
    engines: {node: '>=20.18.0'}
    peerDependencies:
      typescript: '>=5.4.0'
    peerDependenciesMeta:
      typescript:
        optional: true

  '@solana/instruction-plans@7.1.1':
    resolution: {integrity: sha512-KQGpsjeDflMcbKCdcF4KZVHcotYMS94DveRs0ZiBOsxb45dgkYrFmQ6ExJ/2exUOVF/rlp73knAP5ACrPMIAzA==}
    engines: {node: '>=20.18.0'}
    peerDependencies:
      typescript: '>=5.4.0'
    peerDependenciesMeta:
      typescript:
        optional: true

  '@solana/instructions@7.1.1':
    resolution: {integrity: sha512-VxMpJI++RTwaqSBLIP1GTjOPLtlYOqxOJ93ug6DlSdu9jku8M/or77DiXDUi62VmEh3bbsECR646vTJXUaPArw==}
    engines: {node: '>=20.18.0'}
    peerDependencies:
      typescript: '>=5.4.0'
    peerDependenciesMeta:
      typescript:
        optional: true

  '@solana/keys@7.1.1':
    resolution: {integrity: sha512-Rx+vzWAXUa/Ko7W6wG1HOG9B3nQFZ5dALz113WoAmBZf7iQvaLG7U4ECDM/ydR+Nbdy6wYww7zQKRIye+1d+Nw==}
    engines: {node: '>=20.18.0'}
    peerDependencies:
      typescript: '>=5.4.0'
    peerDependenciesMeta:
      typescript:
        optional: true

  '@solana/kit@7.1.1':
    resolution: {integrity: sha512-By3kv5d8fIMr2SPmvI41hBXUwn0XuDu2MC8B7anaLHtY8MENTKhjg8sSfybf/RTH3387ErxhxmrAijTiHqTy/g==}
    engines: {node: '>=20.18.0'}
    peerDependencies:
      typescript: '>=5.4.0'
    peerDependenciesMeta:
      typescript:
        optional: true

  '@solana/nominal-types@7.1.1':
    resolution: {integrity: sha512-do4rmmOlSplVYN92zV6nROJxkiRn0c7juoH1lka2Pmq+cAC3QhQXKYAwWffTFYDJJDO9qCOh00uv2hhSZi6RDw==}
    engines: {node: '>=20.18.0'}
    peerDependencies:
      typescript: '>=5.4.0'
    peerDependenciesMeta:
      typescript:
        optional: true

  '@solana/offchain-messages@7.1.1':
    resolution: {integrity: sha512-Py0/8HaIF0y+KSXHAWdQYDdZlGNoaqOZonTFuGKyDsrkgvod3wRc0cpZ5I/D/Rei4tVpvjNUfCXLpyoiJAZ7kg==}
    engines: {node: '>=20.18.0'}
    peerDependencies:
      typescript: '>=5.4.0'
    peerDependenciesMeta:
      typescript:
        optional: true

  '@solana/options@7.1.1':
    resolution: {integrity: sha512-iuPpfMbnRFjC4IoAIpKNA9UpizomxjW0E3F1LxUYQHXm1vCoF78kThp4qqgx2V3DmDFbhXGtXGSJPwmDdpLoBg==}
    engines: {node: '>=20.18.0'}
    peerDependencies:
      typescript: '>=5.4.0'
    peerDependenciesMeta:
      typescript:
        optional: true

  '@solana/plugin-core@7.1.1':
    resolution: {integrity: sha512-35h7+QssfnT9Rwq5spUvdGc41WtTVWzJUCbiwvnUHtVwm3z96xSPwj765UtX/enfrcRHJRTDvej2ZjsvO1aeuQ==}
    engines: {node: '>=20.18.0'}
    peerDependencies:
      typescript: '>=5.4.0'
    peerDependenciesMeta:
      typescript:
        optional: true

  '@solana/plugin-interfaces@7.1.1':
    resolution: {integrity: sha512-2SHkGiftGmxg5xA5esxbwiY5wf+BOUsJG5rxD64/SHadUMaN3L0SDUSJfAXETJq5dCmVWxWGGPf2yVox4RIfdA==}
    engines: {node: '>=20.18.0'}
    peerDependencies:
      typescript: '>=5.4.0'
    peerDependenciesMeta:
      typescript:
        optional: true

  '@solana/program-client-core@7.1.1':
    resolution: {integrity: sha512-zoMq8Qg6psj6tFYpA35xKhSrF/LpdiVflV6nKohxZg3ocwtRqRhQfbY8/mjCA9EfH8vqvsn5il5CnxALRqmJJA==}
    engines: {node: '>=20.18.0'}
    peerDependencies:
      typescript: '>=5.4.0'
    peerDependenciesMeta:
      typescript:
        optional: true

  '@solana/programs@7.1.1':
    resolution: {integrity: sha512-nWpJKDBxj+cRpzH+lzdp+ztEm6MAothts56s7PIPFIKJe3zGRUpske0G3jIVHOGvtzCgQtmZUMCS1uBRiDRKDQ==}
    engines: {node: '>=20.18.0'}
    peerDependencies:
      typescript: '>=5.4.0'
    peerDependenciesMeta:
      typescript:
        optional: true

  '@solana/promises@7.1.1':
    resolution: {integrity: sha512-d3lhCfiFwiVyTRR6zhy1lcjDIh+l0a5gp1WPe64Vfa2gP0myC8P5C1Tknfjrp4d97DF3uBPqKAb5vV8hahNcNA==}
    engines: {node: '>=20.18.0'}
    peerDependencies:
      typescript: '>=5.4.0'
    peerDependenciesMeta:
      typescript:
        optional: true

  '@solana/rpc-api@7.1.1':
    resolution: {integrity: sha512-ELGIqNbz8apeAxCLdD1PEPAnu6KtgHmWvUbH4VqqNg2jgWquyUOfTI5rblvdflx2Hcb7GK05w8/iiUaknOQKnw==}
    engines: {node: '>=20.18.0'}
    peerDependencies:
      typescript: '>=5.4.0'
    peerDependenciesMeta:
      typescript:
        optional: true

  '@solana/rpc-parsed-types@7.1.1':
    resolution: {integrity: sha512-DiQSj2rNnhOKOTs6YDjQ2y4KuOkv8lh6moLFiQnY0+TvanJrGrQjxLSrHdCUQxymQcUxzrraZL9k6vxNzId4gw==}
    engines: {node: '>=20.18.0'}
    peerDependencies:
      typescript: '>=5.4.0'
    peerDependenciesMeta:
      typescript:
        optional: true

  '@solana/rpc-spec-types@7.1.1':
    resolution: {integrity: sha512-FDDgXfAPfq28sQNnGhZr/+2kp5QTTcNZ5m/Q9y9Jrlux6brdPsbf9Sh1Q/lgz7i76arzNW/rzRY125RzqGWANg==}
    engines: {node: '>=20.18.0'}
    peerDependencies:
      typescript: '>=5.4.0'
    peerDependenciesMeta:
      typescript:
        optional: true

  '@solana/rpc-spec@7.1.1':
    resolution: {integrity: sha512-1FwhgL18qasRYlWffdBNIUoxQyGLzdh3YMQW3y33M61vk/q1ldEGJRypV9B/SrXmxwqDiUbQ+m+zgainCTp1ZA==}
    engines: {node: '>=20.18.0'}
    peerDependencies:
      typescript: '>=5.4.0'
    peerDependenciesMeta:
      typescript:
        optional: true

  '@solana/rpc-subscriptions-api@7.1.1':
    resolution: {integrity: sha512-QTiQHmw2I/+fzeYsqII1guASiZskS7KZwPCI+6Arfk6Hxo9hBH8APuIu6uS8beSlVfnBCoOMybVDsnPF88fAoQ==}
    engines: {node: '>=20.18.0'}
    peerDependencies:
      typescript: '>=5.4.0'
    peerDependenciesMeta:
      typescript:
        optional: true

  '@solana/rpc-subscriptions-channel-websocket@7.1.1':
    resolution: {integrity: sha512-DRakQwjJsvbLDMDafMC9hM82YotUwSnrzqUDsrm6+e4YpKvzjXCyWlQ9kDJtrYeAA15sNVRpfs4L9Y7SoiWgrw==}
    engines: {node: '>=20.18.0'}
    peerDependencies:
      typescript: '>=5.4.0'
    peerDependenciesMeta:
      typescript:
        optional: true

  '@solana/rpc-subscriptions-spec@7.1.1':
    resolution: {integrity: sha512-yrqd+fV2Ae4hkzXX42aKRmTrz3FwvzKqO4h0ahs88dzSvXpy8l6Svu1k+uRgMlZ64g2P83jfQW+3Pj5fBoxmdw==}
    engines: {node: '>=20.18.0'}
    peerDependencies:
      typescript: '>=5.4.0'
    peerDependenciesMeta:
      typescript:
        optional: true

  '@solana/rpc-subscriptions@7.1.1':
    resolution: {integrity: sha512-5BaCgzPnf9WSEXBdASnM7iuPWtdrXKtG16qVTfm+9icLHDAkv2y62XF6XMSQQllH2k1RvLH1yOryZazAbaIyHA==}
    engines: {node: '>=20.18.0'}
    peerDependencies:
      typescript: '>=5.4.0'
    peerDependenciesMeta:
      typescript:
        optional: true

  '@solana/rpc-transformers@7.1.1':
    resolution: {integrity: sha512-k8a/JZFso/nvPBgurOGJ/ZC6sXCtYE3lCvTj95i29pl45C4SgjdetJrAH/pWEEhQXcxaJs7OLBGmCh2enazlJw==}
    engines: {node: '>=20.18.0'}
    peerDependencies:
      typescript: '>=5.4.0'
    peerDependenciesMeta:
      typescript:
        optional: true

  '@solana/rpc-transport-http@7.1.1':
    resolution: {integrity: sha512-Tljuh/sSkKMHrTqdYNaguUOkZ0T+Oj4+yHsUjKAzRsyffNLa67jx9gd5CtGfz3tpBpxDLVdNvdIaZgkhFwXk9g==}
    engines: {node: '>=20.18.0'}
    peerDependencies:
      typescript: '>=5.4.0'
    peerDependenciesMeta:
      typescript:
        optional: true

  '@solana/rpc-types@7.1.1':
    resolution: {integrity: sha512-yHlSUWgynaaqevuqipGhhcZnmFVNs+F6KIlbUZ0kQY6NMVtaSzx5AQrtQjbtAQzNRsRTDYkKuQg8nOruiDoseQ==}
    engines: {node: '>=20.18.0'}
    peerDependencies:
      typescript: '>=5.4.0'
    peerDependenciesMeta:
      typescript:
        optional: true

  '@solana/rpc@7.1.1':
    resolution: {integrity: sha512-yXEzCrLrWb1m5QqAJEGodJ9cqu5QiwfirSZTUWiMg1JtUl4uXOm1sqWQVLrwBz/+ctvtZTvG8+bQQAemVQiqPA==}
    engines: {node: '>=20.18.0'}
    peerDependencies:
      typescript: '>=5.4.0'
    peerDependenciesMeta:
      typescript:
        optional: true

  '@solana/signers@7.1.1':
    resolution: {integrity: sha512-UfWYnAglm21q5hS3Op1bU5mYiWfx0VesovZcIur0uYPc3EJlfBVikl8pf745x+bB77xG6lIzNbb+99t48SQbkg==}
    engines: {node: '>=20.18.0'}
    peerDependencies:
      typescript: '>=5.4.0'
    peerDependenciesMeta:
      typescript:
        optional: true

  '@solana/subscribable@7.1.1':
    resolution: {integrity: sha512-l4Wzc2L+7WQPeC/kaCiia1aaUY/SJJdrNHnLibKchS2pb7YbF7J2OygsweHXliWCVpG0jZwcvIVpusgygbZQLw==}
    engines: {node: '>=20.18.0'}
    peerDependencies:
      typescript: '>=5.4.0'
    peerDependenciesMeta:
      typescript:
        optional: true

  '@solana/sysvars@7.1.1':
    resolution: {integrity: sha512-EscE/HKbBRKedG6AtQ0t9LOX87bw409viferac5YSuvuDxtZvbMpCCJs89uEQPVpgvHtjMJhfsjEwMK97uG9pA==}
    engines: {node: '>=20.18.0'}
    peerDependencies:
      typescript: '>=5.4.0'
    peerDependenciesMeta:
      typescript:
        optional: true

  '@solana/transaction-confirmation@7.1.1':
    resolution: {integrity: sha512-Kb3V5smmMbvdft/Z/Iu9MlsF+i44f3GLK8c8TVu0+yHo41rF7OeTnOvlQ+uw1NpCfOto4GgPMFDXklIiKdauuA==}
    engines: {node: '>=20.18.0'}
    peerDependencies:
      typescript: '>=5.4.0'
    peerDependenciesMeta:
      typescript:
        optional: true

  '@solana/transaction-introspection@7.1.1':
    resolution: {integrity: sha512-o0f/wbwmgqRSqzr+RtCG8xZ5zTMVxnYv8LBmcDDCYvTeDPEF0EfHN8Oe28c7grQsXCIeaE+zXZ2p40lkTGZy4g==}
    engines: {node: '>=20.18.0'}
    peerDependencies:
      typescript: '>=5.4.0'
    peerDependenciesMeta:
      typescript:
        optional: true

  '@solana/transaction-messages@7.1.1':
    resolution: {integrity: sha512-UBgd/TU0c8blrYDC9sD9P+wgmOOEK4OdODxD8CxB7oumN4ZAENv20u0AdZuvu1n4OwWwc1ikhtKjwg18e4wTIg==}
    engines: {node: '>=20.18.0'}
    peerDependencies:
      typescript: '>=5.4.0'
    peerDependenciesMeta:
      typescript:
        optional: true

  '@solana/transactions@7.1.1':
    resolution: {integrity: sha512-jop8y4+xiDJlocRLxqN++33Z5PDTe72HwmtgGrcIuGB4zq7U/lUX0uZM1JVcs9d3lJ3wBy2CcLTCyoYb78Swhg==}
    engines: {node: '>=20.18.0'}
    peerDependencies:
      typescript: '>=5.4.0'
    peerDependenciesMeta:
      typescript:
        optional: true

  '@types/node@22.20.1':
    resolution: {integrity: sha512-EANqOCF9QFyra+4pfxUcX9STKJpCLjMbObVzljIJomAWSnuSIEAvyzEU53GaajbXJEgdh0iEcPL+DGvpUd4k1Q==}

  call-bind-apply-helpers@1.0.2:
    resolution: {integrity: sha512-Sp1ablJ0ivDkSzjcaJdxEunN5/XvksFJ2sMBFfq6x0ryhQV/2b/KwFe21cMpmHtPOSij8K99/wSfoEuTObmuMQ==}
    engines: {node: '>= 0.4'}

  call-bind@1.0.9:
    resolution: {integrity: sha512-a/hy+pNsFUTR+Iz8TCJvXudKVLAnz/DyeSUo10I5yvFDQJBFU2s9uqQpoSrJlroHUKoKqzg+epxyP9lqFdzfBQ==}
    engines: {node: '>= 0.4'}

  call-bound@1.0.4:
    resolution: {integrity: sha512-+ys997U96po4Kx/ABpBCqhA9EuxJaQWDQg7295H4hBphv3IZg0boBKuwYpt4YXp6MZ5AmZQnU/tyMTlRpaSejg==}
    engines: {node: '>= 0.4'}

  chalk@5.6.2:
    resolution: {integrity: sha512-7NzBL0rN6fMUW+f7A6Io4h40qQlG+xGmtMxfbnH/K7TAtt8JQWVQK+6g0UXKMeVJoyV5EkkNsErQ8pVD3bLHbA==}
    engines: {node: ^12.17.0 || ^14.13 || >=16.0.0}

  codama@1.10.2:
    resolution: {integrity: sha512-fm6bFmgTrd6wPJ8o758wVVCYSEmEOU7Ctvlm8TxZoyPG0DlRS94AqnG3yC0HODXfGMAbai6pCxe9D04n3yl5AQ==}
    hasBin: true

  commander@15.0.0:
    resolution: {integrity: sha512-z67u4ZhzCL/Tydu1lJARtEZYWbWaN7oYLHbsuzocr6y4N6WZAagG3RQ4FW61V1/0+jImpj293XfrcYnd1qxtPg==}
    engines: {node: '>=22.12.0'}

  define-data-property@1.1.4:
    resolution: {integrity: sha512-rBMvIzlpA8v6E+SJZoo++HAYqsLrkg7MSfIinMPFhmkorw7X+dOXVJQs+QT69zGkzMyfDnIMN2Wid1+NbL3T+A==}
    engines: {node: '>= 0.4'}

  dunder-proto@1.0.1:
    resolution: {integrity: sha512-KIN/nDJBQRcXw0MLVhZE9iQHmG68qAVIBg9CqmUYjmQIhgij9U5MFvrqkUL5FbtyyzZuOeOt0zdeRe4UY7ct+A==}
    engines: {node: '>= 0.4'}

  es-define-property@1.0.1:
    resolution: {integrity: sha512-e3nRfgfUZ4rNGL232gUgX06QNyyez04KdjFrF+LTRoOXmrOgFKDg4BCdsjW8EnT69eqdYGmRpJwiPVYNrCaW3g==}
    engines: {node: '>= 0.4'}

  es-errors@1.3.0:
    resolution: {integrity: sha512-Zf5H2Kxt2xjTvbJvP2ZWLEICxA6j+hAmMzIlypy4xcBg1vKVnx89Wy0GbS+kf5cwCVFFzdCFh2XSCFNULS6csw==}
    engines: {node: '>= 0.4'}

  es-object-atoms@1.1.2:
    resolution: {integrity: sha512-HWcBoN6NileqtSydK2FqHbS/LoDd2pqrnQHLyJzBj4kOp/ky2MWMN694xOfkK8/SnUsW2DH7EfyVlydKCsm1Zw==}
    engines: {node: '>= 0.4'}

  function-bind@1.1.2:
    resolution: {integrity: sha512-7XHNxH7qX9xG5mIwxkhumTox/MIRNcOgDrxWsMt2pAr23WHp6MrRlN7FBSFpCpr+oVO0F744iUgR82nJMfG2SA==}

  get-intrinsic@1.3.0:
    resolution: {integrity: sha512-9fSjSaos/fRIVIp+xSJlE6lfwhES7LNtKaCBIamHsjr2na1BiABJPo0mOjjz8GJDURarmCPGqaiVg5mfjb98CQ==}
    engines: {node: '>= 0.4'}

  get-proto@1.0.1:
    resolution: {integrity: sha512-sTSfBjoXBp89JvIKIefqw7U2CCebsc74kiY6awiGogKtoSGbgjYE/G/+l9sF3MWFPNc9IcoOC4ODfKHfxFmp0g==}
    engines: {node: '>= 0.4'}

  gopd@1.2.0:
    resolution: {integrity: sha512-ZUKRh6/kUFoAiTAtTYPZJ3hw9wNxx+BIBOijnlG9PnrJsCcSjs1wyyD6vJpaYtgnzDrKYRSqf3OO6Rfa93xsRg==}
    engines: {node: '>= 0.4'}

  has-property-descriptors@1.0.2:
    resolution: {integrity: sha512-55JNKuIW+vq4Ke1BjOTjM2YctQIvCT7GFzHwmfZPGo5wnrgkid0YQtnAleFSqumZm4az3n2BS+erby5ipJdgrg==}

  has-symbols@1.1.0:
    resolution: {integrity: sha512-1cDNdwJ2Jaohmb3sg4OmKaMBwuC48sYni5HUw2DvsC8LjGTLK9h+eb1X6RyuOHe4hT0ULCW68iomhjUoKUqlPQ==}
    engines: {node: '>= 0.4'}

  hasown@2.0.4:
    resolution: {integrity: sha512-T2UbfbBEF32wiepXIsMlTW9+dDYC6wMh/t/vYA4tuOMKqWz/n3vr1NFSxQiyP+zk2mXsoMA/i/7qV6LKut1t1A==}
    engines: {node: '>= 0.4'}

  isarray@2.0.5:
    resolution: {integrity: sha512-xHjhDr3cNBK0BzdUJSPXZntQUx/mwMS5Rw4A7lPJ90XGAO6ISP/ePDNuo0vhqOZU+UD5JoodwCAAoZQd3FeAKw==}

  json-stable-stringify@1.3.0:
    resolution: {integrity: sha512-qtYiSSFlwot9XHtF9bD9c7rwKjr+RecWT//ZnPvSmEjpV5mmPOCN4j8UjY5hbjNkOwZ/jQv3J6R1/pL7RwgMsg==}
    engines: {node: '>= 0.4'}

  jsonify@0.0.1:
    resolution: {integrity: sha512-2/Ki0GcmuqSrgFyelQq9M05y7PS0mEwuIzrf3f1fPqkVDVRvZrPZtVSMHxdgo8Aq0sxAOb/cr2aqqA3LeWHVPg==}

  kleur@3.0.3:
    resolution: {integrity: sha512-eTIzlVOSUR+JxdDFepEYcBMtZ9Qqdef+rnzWdRZuMbOywu5tO2w2N7rqjoANZ5k9vywhL6Br1VRjUIgTQx4E8w==}
    engines: {node: '>=6'}

  math-intrinsics@1.1.0:
    resolution: {integrity: sha512-/IXtbwEk5HTPyEwyKX6hGkYXxM9nbj64B+ilVJnC/R6B0pH5G4V3b0pVbL7DBj4tkhBAppbQUlf6F6Xl9LHu1g==}
    engines: {node: '>= 0.4'}

  object-keys@1.1.1:
    resolution: {integrity: sha512-NuAESUOUMrlIXOfHKzD6bpPu3tYt3xvjNdRIQ+FeT0lNb4K8WR70CaDxhuNguS2XG+GjkyMwOzsN5ZktImfhLA==}
    engines: {node: '>= 0.4'}

  picocolors@1.1.1:
    resolution: {integrity: sha512-xceH2snhtb5M9liqDsmEw56le376mTZkEX/jEb/RxNFyegNul7eNslCXP9FDj/Lcu0X8KEyMceP2ntpaHrDEVA==}

  prettier@3.9.6:
    resolution: {integrity: sha512-OpN0zzVdiaiAhxpuuj5efpIS4sY9j7bY6uR5mnj5yPzGkdkjNKSJeUThPb60Jw29QuAZgA4o+/iB49kFiaBX6g==}
    engines: {node: '>=14'}
    hasBin: true

  prompts@2.4.2:
    resolution: {integrity: sha512-NxNv/kLguCA7p3jE8oL2aEBsrJWgAakBpgmgK6lpPWV+WuOmY6r2/zbAVnP+T8bQlA0nzHXSJSJW0Hq7ylaD2Q==}
    engines: {node: '>= 6'}

  semver@7.8.5:
    resolution: {integrity: sha512-Y7/KDsb8LjooZpwaqGyulO6DQlksgCncchHGk+sZIY4SBvUocMBEFH5Ur1fI4dV+Jvl0w6cjvucaIi40puRioA==}
    engines: {node: '>=10'}
    hasBin: true

  set-function-length@1.2.2:
    resolution: {integrity: sha512-pgRc4hJ4/sNjWCSS9AmnS40x3bNMDTknHgL5UaMBTMyJnU90EgWh1Rz+MC9eFu4BuN/UwZjKQuY/1v3rM7HMfg==}
    engines: {node: '>= 0.4'}

  sisteransi@1.0.5:
    resolution: {integrity: sha512-bLGGlR1QxBcynn2d5YmDX4MGjlZvy2MRBDRNHLJ8VI6l6+9FUiyTFNJ0IveOSP0bcXgVDPRcfGqA0pjaqUpfVg==}

  undici-types@6.21.0:
    resolution: {integrity: sha512-iwDZqg0QAGrg9Rav5H4n0M64c3mkR59cJ6wQp+7C4nI0gsmExaedaYLNO44eT4AtBBwjbTiGPMlt2Md0T9H9JQ==}

  undici-types@8.10.0:
    resolution: {integrity: sha512-ibvdovq3nCFs8Msrd95BW+zUOq+aOVbT+wpHUoPWhztbHEoPc6oof51iFDB6Es8lTKvNvVW9jNSAB8dwrKTMGg==}

  ws@8.21.3:
    resolution: {integrity: sha512-201TZ/kPWxoPr/OKWjquZR1SWKXcvxdH+e1xrx89b3YbmzLMFCLfnaG1HFIgWzJOEWZ7MvpK++odZufgYR50Rw==}
    engines: {node: '>=10.0.0'}
    peerDependencies:
      bufferutil: ^4.0.1
      utf-8-validate: '>=5.0.2'
    peerDependenciesMeta:
      bufferutil:
        optional: true
      utf-8-validate:
        optional: true

snapshots:

  '@codama/cli@1.6.2':
    dependencies:
      '@codama/nodes': 1.10.2
      '@codama/visitors': 1.10.2
      '@codama/visitors-core': 1.10.2
      commander: 15.0.0
      picocolors: 1.1.1
      prompts: 2.4.2

  '@codama/errors@1.10.2':
    dependencies:
      '@codama/node-types': 1.10.2
      commander: 15.0.0
      picocolors: 1.1.1

  '@codama/fragments@0.1.5':
    dependencies:
      '@codama/errors': 1.10.2

  '@codama/node-types@1.10.2': {}

  '@codama/nodes-from-anchor@1.5.5':
    dependencies:
      '@codama/errors': 1.10.2
      '@codama/nodes': 1.10.2
      '@codama/visitors': 1.10.2
      '@noble/hashes': 2.3.0
      '@solana/codecs': 7.1.1
    transitivePeerDependencies:
      - fastestsmallesttextencoderdecoder
      - typescript

  '@codama/nodes@1.10.2':
    dependencies:
      '@codama/errors': 1.10.2
      '@codama/node-types': 1.10.2

  '@codama/renderers-core@1.4.0':
    dependencies:
      '@codama/errors': 1.10.2
      '@codama/fragments': 0.1.5
      '@codama/nodes': 1.10.2
      '@codama/visitors-core': 1.10.2

  '@codama/renderers-js@2.3.1':
    dependencies:
      '@codama/errors': 1.10.2
      '@codama/nodes': 1.10.2
      '@codama/renderers-core': 1.4.0
      '@codama/visitors-core': 1.10.2
      '@solana/codecs-strings': 7.1.1
      prettier: 3.9.6
      semver: 7.8.5
    transitivePeerDependencies:
      - fastestsmallesttextencoderdecoder
      - typescript

  '@codama/validators@1.10.2':
    dependencies:
      '@codama/errors': 1.10.2
      '@codama/nodes': 1.10.2
      '@codama/visitors-core': 1.10.2

  '@codama/visitors-core@1.10.2':
    dependencies:
      '@codama/errors': 1.10.2
      '@codama/nodes': 1.10.2
      json-stable-stringify: 1.3.0

  '@codama/visitors@1.10.2':
    dependencies:
      '@codama/errors': 1.10.2
      '@codama/nodes': 1.10.2
      '@codama/visitors-core': 1.10.2

  '@noble/hashes@2.3.0': {}

  '@solana/accounts@7.1.1':
    dependencies:
      '@solana/addresses': 7.1.1
      '@solana/codecs-core': 7.1.1
      '@solana/codecs-strings': 7.1.1
      '@solana/errors': 7.1.1
      '@solana/rpc-spec': 7.1.1
      '@solana/rpc-types': 7.1.1
    transitivePeerDependencies:
      - fastestsmallesttextencoderdecoder

  '@solana/addresses@7.1.1':
    dependencies:
      '@solana/assertions': 7.1.1
      '@solana/codecs-core': 7.1.1
      '@solana/codecs-strings': 7.1.1
      '@solana/errors': 7.1.1
      '@solana/nominal-types': 7.1.1
    transitivePeerDependencies:
      - fastestsmallesttextencoderdecoder

  '@solana/assertions@7.1.1':
    dependencies:
      '@solana/errors': 7.1.1

  '@solana/codecs-core@7.1.1':
    dependencies:
      '@solana/errors': 7.1.1

  '@solana/codecs-data-structures@7.1.1':
    dependencies:
      '@solana/codecs-core': 7.1.1
      '@solana/codecs-numbers': 7.1.1
      '@solana/errors': 7.1.1

  '@solana/codecs-numbers@7.1.1':
    dependencies:
      '@solana/codecs-core': 7.1.1
      '@solana/errors': 7.1.1

  '@solana/codecs-strings@7.1.1':
    dependencies:
      '@solana/codecs-core': 7.1.1
      '@solana/codecs-numbers': 7.1.1
      '@solana/errors': 7.1.1

  '@solana/codecs@7.1.1':
    dependencies:
      '@solana/codecs-core': 7.1.1
      '@solana/codecs-data-structures': 7.1.1
      '@solana/codecs-numbers': 7.1.1
      '@solana/codecs-strings': 7.1.1
      '@solana/fixed-points': 7.1.1
      '@solana/options': 7.1.1
    transitivePeerDependencies:
      - fastestsmallesttextencoderdecoder

  '@solana/errors@7.1.1':
    dependencies:
      chalk: 5.6.2
      commander: 15.0.0

  '@solana/fast-stable-stringify@7.1.1': {}

  '@solana/fixed-points@7.1.1':
    dependencies:
      '@solana/codecs-core': 7.1.1
      '@solana/errors': 7.1.1

  '@solana/functional@7.1.1': {}

  '@solana/instruction-plans@7.1.1':
    dependencies:
      '@solana/errors': 7.1.1
      '@solana/instructions': 7.1.1
      '@solana/keys': 7.1.1
      '@solana/promises': 7.1.1
      '@solana/transaction-messages': 7.1.1
      '@solana/transactions': 7.1.1
    transitivePeerDependencies:
      - fastestsmallesttextencoderdecoder

  '@solana/instructions@7.1.1':
    dependencies:
      '@solana/codecs-core': 7.1.1
      '@solana/errors': 7.1.1

  '@solana/keys@7.1.1':
    dependencies:
      '@solana/assertions': 7.1.1
      '@solana/codecs-core': 7.1.1
      '@solana/codecs-strings': 7.1.1
      '@solana/errors': 7.1.1
      '@solana/nominal-types': 7.1.1
      '@solana/promises': 7.1.1
    transitivePeerDependencies:
      - fastestsmallesttextencoderdecoder

  '@solana/kit@7.1.1':
    dependencies:
      '@solana/accounts': 7.1.1
      '@solana/addresses': 7.1.1
      '@solana/codecs': 7.1.1
      '@solana/errors': 7.1.1
      '@solana/functional': 7.1.1
      '@solana/instruction-plans': 7.1.1
      '@solana/instructions': 7.1.1
      '@solana/keys': 7.1.1
      '@solana/offchain-messages': 7.1.1
      '@solana/plugin-core': 7.1.1
      '@solana/plugin-interfaces': 7.1.1
      '@solana/program-client-core': 7.1.1
      '@solana/programs': 7.1.1
      '@solana/promises': 7.1.1
      '@solana/rpc': 7.1.1
      '@solana/rpc-api': 7.1.1
      '@solana/rpc-parsed-types': 7.1.1
      '@solana/rpc-spec-types': 7.1.1
      '@solana/rpc-subscriptions': 7.1.1
      '@solana/rpc-types': 7.1.1
      '@solana/signers': 7.1.1
      '@solana/subscribable': 7.1.1
      '@solana/sysvars': 7.1.1
      '@solana/transaction-confirmation': 7.1.1
      '@solana/transaction-introspection': 7.1.1
      '@solana/transaction-messages': 7.1.1
      '@solana/transactions': 7.1.1
    transitivePeerDependencies:
      - bufferutil
      - fastestsmallesttextencoderdecoder
      - utf-8-validate

  '@solana/nominal-types@7.1.1': {}

  '@solana/offchain-messages@7.1.1':
    dependencies:
      '@solana/addresses': 7.1.1
      '@solana/codecs-core': 7.1.1
      '@solana/codecs-data-structures': 7.1.1
      '@solana/codecs-numbers': 7.1.1
      '@solana/codecs-strings': 7.1.1
      '@solana/errors': 7.1.1
      '@solana/keys': 7.1.1
      '@solana/nominal-types': 7.1.1
    transitivePeerDependencies:
      - fastestsmallesttextencoderdecoder

  '@solana/options@7.1.1':
    dependencies:
      '@solana/codecs-core': 7.1.1
      '@solana/codecs-data-structures': 7.1.1
      '@solana/codecs-numbers': 7.1.1
      '@solana/codecs-strings': 7.1.1
      '@solana/errors': 7.1.1
    transitivePeerDependencies:
      - fastestsmallesttextencoderdecoder

  '@solana/plugin-core@7.1.1': {}

  '@solana/plugin-interfaces@7.1.1':
    dependencies:
      '@solana/accounts': 7.1.1
      '@solana/addresses': 7.1.1
      '@solana/instruction-plans': 7.1.1
      '@solana/keys': 7.1.1
      '@solana/rpc-spec': 7.1.1
      '@solana/rpc-subscriptions-spec': 7.1.1
      '@solana/rpc-types': 7.1.1
      '@solana/signers': 7.1.1
    transitivePeerDependencies:
      - fastestsmallesttextencoderdecoder

  '@solana/program-client-core@7.1.1':
    dependencies:
      '@solana/accounts': 7.1.1
      '@solana/addresses': 7.1.1
      '@solana/codecs-core': 7.1.1
      '@solana/errors': 7.1.1
      '@solana/instruction-plans': 7.1.1
      '@solana/instructions': 7.1.1
      '@solana/plugin-interfaces': 7.1.1
      '@solana/rpc-api': 7.1.1
      '@solana/signers': 7.1.1
    transitivePeerDependencies:
      - fastestsmallesttextencoderdecoder

  '@solana/programs@7.1.1':
    dependencies:
      '@solana/addresses': 7.1.1
      '@solana/errors': 7.1.1
    transitivePeerDependencies:
      - fastestsmallesttextencoderdecoder

  '@solana/promises@7.1.1': {}

  '@solana/rpc-api@7.1.1':
    dependencies:
      '@solana/addresses': 7.1.1
      '@solana/codecs-core': 7.1.1
      '@solana/codecs-strings': 7.1.1
      '@solana/errors': 7.1.1
      '@solana/keys': 7.1.1
      '@solana/rpc-parsed-types': 7.1.1
      '@solana/rpc-spec': 7.1.1
      '@solana/rpc-transformers': 7.1.1
      '@solana/rpc-types': 7.1.1
      '@solana/transaction-messages': 7.1.1
      '@solana/transactions': 7.1.1
    transitivePeerDependencies:
      - fastestsmallesttextencoderdecoder

  '@solana/rpc-parsed-types@7.1.1': {}

  '@solana/rpc-spec-types@7.1.1':
    dependencies:
      '@solana/errors': 7.1.1

  '@solana/rpc-spec@7.1.1':
    dependencies:
      '@solana/errors': 7.1.1
      '@solana/rpc-spec-types': 7.1.1
      '@solana/subscribable': 7.1.1

  '@solana/rpc-subscriptions-api@7.1.1':
    dependencies:
      '@solana/addresses': 7.1.1
      '@solana/keys': 7.1.1
      '@solana/rpc-subscriptions-spec': 7.1.1
      '@solana/rpc-transformers': 7.1.1
      '@solana/rpc-types': 7.1.1
      '@solana/transaction-messages': 7.1.1
      '@solana/transactions': 7.1.1
    transitivePeerDependencies:
      - fastestsmallesttextencoderdecoder

  '@solana/rpc-subscriptions-channel-websocket@7.1.1':
    dependencies:
      '@solana/errors': 7.1.1
      '@solana/functional': 7.1.1
      '@solana/rpc-subscriptions-spec': 7.1.1
      '@solana/subscribable': 7.1.1
      ws: 8.21.3
    transitivePeerDependencies:
      - bufferutil
      - utf-8-validate

  '@solana/rpc-subscriptions-spec@7.1.1':
    dependencies:
      '@solana/errors': 7.1.1
      '@solana/promises': 7.1.1
      '@solana/rpc-spec-types': 7.1.1
      '@solana/subscribable': 7.1.1

  '@solana/rpc-subscriptions@7.1.1':
    dependencies:
      '@solana/errors': 7.1.1
      '@solana/fast-stable-stringify': 7.1.1
      '@solana/functional': 7.1.1
      '@solana/promises': 7.1.1
      '@solana/rpc-spec-types': 7.1.1
      '@solana/rpc-subscriptions-api': 7.1.1
      '@solana/rpc-subscriptions-channel-websocket': 7.1.1
      '@solana/rpc-subscriptions-spec': 7.1.1
      '@solana/rpc-transformers': 7.1.1
      '@solana/rpc-types': 7.1.1
      '@solana/subscribable': 7.1.1
    transitivePeerDependencies:
      - bufferutil
      - fastestsmallesttextencoderdecoder
      - utf-8-validate

  '@solana/rpc-transformers@7.1.1':
    dependencies:
      '@solana/errors': 7.1.1
      '@solana/functional': 7.1.1
      '@solana/nominal-types': 7.1.1
      '@solana/rpc-spec-types': 7.1.1
      '@solana/rpc-types': 7.1.1
    transitivePeerDependencies:
      - fastestsmallesttextencoderdecoder

  '@solana/rpc-transport-http@7.1.1':
    dependencies:
      '@solana/errors': 7.1.1
      '@solana/rpc-spec': 7.1.1
      '@solana/rpc-spec-types': 7.1.1
      undici-types: 8.10.0

  '@solana/rpc-types@7.1.1':
    dependencies:
      '@solana/addresses': 7.1.1
      '@solana/codecs-core': 7.1.1
      '@solana/codecs-numbers': 7.1.1
      '@solana/codecs-strings': 7.1.1
      '@solana/errors': 7.1.1
      '@solana/fixed-points': 7.1.1
      '@solana/nominal-types': 7.1.1
    transitivePeerDependencies:
      - fastestsmallesttextencoderdecoder

  '@solana/rpc@7.1.1':
    dependencies:
      '@solana/errors': 7.1.1
      '@solana/fast-stable-stringify': 7.1.1
      '@solana/functional': 7.1.1
      '@solana/rpc-api': 7.1.1
      '@solana/rpc-spec': 7.1.1
      '@solana/rpc-spec-types': 7.1.1
      '@solana/rpc-transformers': 7.1.1
      '@solana/rpc-transport-http': 7.1.1
      '@solana/rpc-types': 7.1.1
    transitivePeerDependencies:
      - fastestsmallesttextencoderdecoder

  '@solana/signers@7.1.1':
    dependencies:
      '@solana/addresses': 7.1.1
      '@solana/codecs-core': 7.1.1
      '@solana/errors': 7.1.1
      '@solana/instructions': 7.1.1
      '@solana/keys': 7.1.1
      '@solana/nominal-types': 7.1.1
      '@solana/offchain-messages': 7.1.1
      '@solana/transaction-messages': 7.1.1
      '@solana/transactions': 7.1.1
    transitivePeerDependencies:
      - fastestsmallesttextencoderdecoder

  '@solana/subscribable@7.1.1':
    dependencies:
      '@solana/errors': 7.1.1
      '@solana/promises': 7.1.1

  '@solana/sysvars@7.1.1':
    dependencies:
      '@solana/accounts': 7.1.1
      '@solana/codecs-core': 7.1.1
      '@solana/codecs-data-structures': 7.1.1
      '@solana/codecs-numbers': 7.1.1
      '@solana/errors': 7.1.1
      '@solana/rpc-types': 7.1.1
    transitivePeerDependencies:
      - fastestsmallesttextencoderdecoder

  '@solana/transaction-confirmation@7.1.1':
    dependencies:
      '@solana/addresses': 7.1.1
      '@solana/codecs-strings': 7.1.1
      '@solana/errors': 7.1.1
      '@solana/keys': 7.1.1
      '@solana/promises': 7.1.1
      '@solana/rpc': 7.1.1
      '@solana/rpc-subscriptions': 7.1.1
      '@solana/rpc-types': 7.1.1
      '@solana/transaction-messages': 7.1.1
      '@solana/transactions': 7.1.1
    transitivePeerDependencies:
      - bufferutil
      - fastestsmallesttextencoderdecoder
      - utf-8-validate

  '@solana/transaction-introspection@7.1.1':
    dependencies:
      '@solana/addresses': 7.1.1
      '@solana/codecs-core': 7.1.1
      '@solana/codecs-strings': 7.1.1
      '@solana/errors': 7.1.1
      '@solana/instructions': 7.1.1
      '@solana/rpc-types': 7.1.1
      '@solana/transaction-messages': 7.1.1
      '@solana/transactions': 7.1.1
    transitivePeerDependencies:
      - fastestsmallesttextencoderdecoder

  '@solana/transaction-messages@7.1.1':
    dependencies:
      '@solana/addresses': 7.1.1
      '@solana/codecs-core': 7.1.1
      '@solana/codecs-data-structures': 7.1.1
      '@solana/codecs-numbers': 7.1.1
      '@solana/errors': 7.1.1
      '@solana/functional': 7.1.1
      '@solana/instructions': 7.1.1
      '@solana/nominal-types': 7.1.1
      '@solana/rpc-types': 7.1.1
    transitivePeerDependencies:
      - fastestsmallesttextencoderdecoder

  '@solana/transactions@7.1.1':
    dependencies:
      '@solana/addresses': 7.1.1
      '@solana/codecs-core': 7.1.1
      '@solana/codecs-data-structures': 7.1.1
      '@solana/codecs-numbers': 7.1.1
      '@solana/codecs-strings': 7.1.1
      '@solana/errors': 7.1.1
      '@solana/functional': 7.1.1
      '@solana/instructions': 7.1.1
      '@solana/keys': 7.1.1
      '@solana/nominal-types': 7.1.1
      '@solana/rpc-types': 7.1.1
      '@solana/transaction-messages': 7.1.1
    transitivePeerDependencies:
      - fastestsmallesttextencoderdecoder

  '@types/node@22.20.1':
    dependencies:
      undici-types: 6.21.0

  call-bind-apply-helpers@1.0.2:
    dependencies:
      es-errors: 1.3.0
      function-bind: 1.1.2

  call-bind@1.0.9:
    dependencies:
      call-bind-apply-helpers: 1.0.2
      es-define-property: 1.0.1
      get-intrinsic: 1.3.0
      set-function-length: 1.2.2

  call-bound@1.0.4:
    dependencies:
      call-bind-apply-helpers: 1.0.2
      get-intrinsic: 1.3.0

  chalk@5.6.2: {}

  codama@1.10.2:
    dependencies:
      '@codama/cli': 1.6.2
      '@codama/errors': 1.10.2
      '@codama/nodes': 1.10.2
      '@codama/validators': 1.10.2
      '@codama/visitors': 1.10.2

  commander@15.0.0: {}

  define-data-property@1.1.4:
    dependencies:
      es-define-property: 1.0.1
      es-errors: 1.3.0
      gopd: 1.2.0

  dunder-proto@1.0.1:
    dependencies:
      call-bind-apply-helpers: 1.0.2
      es-errors: 1.3.0
      gopd: 1.2.0

  es-define-property@1.0.1: {}

  es-errors@1.3.0: {}

  es-object-atoms@1.1.2:
    dependencies:
      es-errors: 1.3.0

  function-bind@1.1.2: {}

  get-intrinsic@1.3.0:
    dependencies:
      call-bind-apply-helpers: 1.0.2
      es-define-property: 1.0.1
      es-errors: 1.3.0
      es-object-atoms: 1.1.2
      function-bind: 1.1.2
      get-proto: 1.0.1
      gopd: 1.2.0
      has-symbols: 1.1.0
      hasown: 2.0.4
      math-intrinsics: 1.1.0

  get-proto@1.0.1:
    dependencies:
      dunder-proto: 1.0.1
      es-object-atoms: 1.1.2

  gopd@1.2.0: {}

  has-property-descriptors@1.0.2:
    dependencies:
      es-define-property: 1.0.1

  has-symbols@1.1.0: {}

  hasown@2.0.4:
    dependencies:
      function-bind: 1.1.2

  isarray@2.0.5: {}

  json-stable-stringify@1.3.0:
    dependencies:
      call-bind: 1.0.9
      call-bound: 1.0.4
      isarray: 2.0.5
      jsonify: 0.0.1
      object-keys: 1.1.1

  jsonify@0.0.1: {}

  kleur@3.0.3: {}

  math-intrinsics@1.1.0: {}

  object-keys@1.1.1: {}

  picocolors@1.1.1: {}

  prettier@3.9.6: {}

  prompts@2.4.2:
    dependencies:
      kleur: 3.0.3
      sisteransi: 1.0.5

  semver@7.8.5: {}

  set-function-length@1.2.2:
    dependencies:
      define-data-property: 1.1.4
      es-errors: 1.3.0
      function-bind: 1.1.2
      get-intrinsic: 1.3.0
      gopd: 1.2.0
      has-property-descriptors: 1.0.2

  sisteransi@1.0.5: {}

  undici-types@6.21.0: {}

  undici-types@8.10.0: {}

  ws@8.21.3: {}
